
Microsoft Visual Studio Solution File, Format Version 12.00
# Visual Studio Version 16
VisualStudioVersion = 16.0.30011.22
MinimumVisualStudioVersion = 15.0.26124.0
Project("{9A19103F-16F7-4668-BE54-9A1E7A4F7556}") = "UsersAdmin.Api", "UsersAdmin.Api\UsersAdmin.Api.csproj", "{43F5A3E8-FCB7-40FC-BE49-B6002FD3167E}"
EndProject
Project("{9A19103F-16F7-4668-BE54-9A1E7A4F7556}") = "UsersAdmin.Core", "UsersAdmin.Core\UsersAdmin.Core.csproj", "{E048F25E-FF48-4261-874A-6112005674AC}"
EndProject
Project("{9A19103F-16F7-4668-BE54-9A1E7A4F7556}") = "UsersAdmin.Data", "UsersAdmin.Data\UsersAdmin.Data.csproj", "{25117C9B-92C0-4D75-B913-8BC7F0B1AF78}"
EndProject
Project("{9A19103F-16F7-4668-BE54-9A1E7A4F7556}") = "UsersAdmin.Services", "UsersAdmin.Services\UsersAdmin.Services.csproj", "{9A4275A4-7CC7-4C71-B73A-39AF6407471E}"
EndProject
Project("{2150E333-8FDC-42A3-9474-1A3956D46DE8}") = "Solution Items", "Solution Items", "{46ED1CEC-7D60-4608-8C51-436C5A83121A}"
	ProjectSection(SolutionItems) = preProject
		Directory.Build.props = Directory.Build.props
	EndProjectSection
EndProject
Project("{2150E333-8FDC-42A3-9474-1A3956D46DE8}") = "src", "src", "{C4B87478-D7E6-4412-AEBA-98C1F487A2A7}"
EndProject
Project("{2150E333-8FDC-42A3-9474-1A3956D46DE8}") = "test", "test", "{79450CE4-F2D4-4080-83BC-3F54188DE124}"
EndProject
Project("{9A19103F-16F7-4668-BE54-9A1E7A4F7556}") = "UsersAdmin.Test.Unit.Repository", "UsersAdmin.Test.Unit.Repository\UsersAdmin.Test.Unit.Repository.csproj", "{181C5B67-D882-4416-82F2-41A2713D3E1B}"
EndProject
Project("{9A19103F-16F7-4668-BE54-9A1E7A4F7556}") = "UsersAdmin.Test.Unit.Service", "UsersAdmin.Test.Unit.Service\UsersAdmin.Test.Unit.Service.csproj", "{ED7C29C2-5961-413D-8D30-45BBE1ED5EBC}"
EndProject
Project("{9A19103F-16F7-4668-BE54-9A1E7A4F7556}") = "UsersAdmin.Test.Integration.Controller", "UsersAdmin.Test.Integration.Controller\UsersAdmin.Test.Integration.Controller.csproj", "{C0B420F6-C2FF-4BDD-A428-80ED268A8E49}"
EndProject
Global
	GlobalSection(SolutionConfigurationPlatforms) = preSolution
		Debug|Any CPU = Debug|Any CPU
		Debug|x64 = Debug|x64
		Debug|x86 = Debug|x86
		Release|Any CPU = Release|Any CPU
		Release|x64 = Release|x64
		Release|x86 = Release|x86
	EndGlobalSection
	GlobalSection(ProjectConfigurationPlatforms) = postSolution
		{43F5A3E8-FCB7-40FC-BE49-B6002FD3167E}.Debug|Any CPU.ActiveCfg = Debug|Any CPU
		{43F5A3E8-FCB7-40FC-BE49-B6002FD3167E}.Debug|Any CPU.Build.0 = Debug|Any CPU
		{43F5A3E8-FCB7-40FC-BE49-B6002FD3167E}.Debug|x64.ActiveCfg = Debug|Any CPU
		{43F5A3E8-FCB7-40FC-BE49-B6002FD3167E}.Debug|x64.Build.0 = Debug|Any CPU
		{43F5A3E8-FCB7-40FC-BE49-B6002FD3167E}.Debug|x86.ActiveCfg = Debug|Any CPU
		{43F5A3E8-FCB7-40FC-BE49-B6002FD3167E}.Debug|x86.Build.0 = Debug|Any CPU
		{43F5A3E8-FCB7-40FC-BE49-B6002FD3167E}.Release|Any CPU.ActiveCfg = Release|Any CPU
		{43F5A3E8-FCB7-40FC-BE49-B6002FD3167E}.Release|Any CPU.Build.0 = Release|Any CPU
		{43F5A3E8-FCB7-40FC-BE49-B6002FD3167E}.Release|x64.ActiveCfg = Release|Any CPU
		{43F5A3E8-FCB7-40FC-BE49-B6002FD3167E}.Release|x64.Build.0 = Release|Any CPU
		{43F5A3E8-FCB7-40FC-BE49-B6002FD3167E}.Release|x86.ActiveCfg = Release|Any CPU
		{43F5A3E8-FCB7-40FC-BE49-B6002FD3167E}.Release|x86.Build.0 = Release|Any CPU
		{E048F25E-FF48-4261-874A-6112005674AC}.Debug|Any CPU.ActiveCfg = Debug|Any CPU
		{E048F25E-FF48-4261-874A-6112005674AC}.Debug|Any CPU.Build.0 = Debug|Any CPU
		{E048F25E-FF48-4261-874A-6112005674AC}.Debug|x64.ActiveCfg = Debug|Any CPU
		{E048F25E-FF48-4261-874A-6112005674AC}.Debug|x64.Build.0 = Debug|Any CPU
		{E048F25E-FF48-4261-874A-6112005674AC}.Debug|x86.ActiveCfg = Debug|Any CPU
		{E048F25E-FF48-4261-874A-6112005674AC}.Debug|x86.Build.0 = Debug|Any CPU
		{E048F25E-FF48-4261-874A-6112005674AC}.Release|Any CPU.ActiveCfg = Release|Any CPU
		{E048F25E-FF48-4261-874A-6112005674AC}.Release|Any CPU.Build.0 = Release|Any CPU
		{E048F25E-FF48-4261-874A-6112005674AC}.Release|x64.ActiveCfg = Release|Any CPU
		{E048F25E-FF48-4261-874A-6112005674AC}.Release|x64.Build.0 = Release|Any CPU
		{E048F25E-FF48-4261-874A-6112005674AC}.Release|x86.ActiveCfg = Release|Any CPU
		{E048F25E-FF48-4261-874A-6112005674AC}.Release|x86.Build.0 = Release|Any CPU
		{25117C9B-92C0-4D75-B913-8BC7F0B1AF78}.Debug|Any CPU.ActiveCfg = Debug|Any CPU
		{25117C9B-92C0-4D75-B913-8BC7F0B1AF78}.Debug|Any CPU.Build.0 = Debug|Any CPU
		{25117C9B-92C0-4D75-B913-8BC7F0B1AF78}.Debug|x64.ActiveCfg = Debug|Any CPU
		{25117C9B-92C0-4D75-B913-8BC7F0B1AF78}.Debug|x64.Build.0 = Debug|Any CPU
		{25117C9B-92C0-4D75-B913-8BC7F0B1AF78}.Debug|x86.ActiveCfg = Debug|Any CPU
		{25117C9B-92C0-4D75-B913-8BC7F0B1AF78}.Debug|x86.Build.0 = Debug|Any CPU
		{25117C9B-92C0-4D75-B913-8BC7F0B1AF78}.Release|Any CPU.ActiveCfg = Release|Any CPU
		{25117C9B-92C0-4D75-B913-8BC7F0B1AF78}.Release|Any CPU.Build.0 = Release|Any CPU
		{25117C9B-92C0-4D75-B913-8BC7F0B1AF78}.Release|x64.ActiveCfg = Release|Any CPU
		{25117C9B-92C0-4D75-B913-8BC7F0B1AF78}.Release|x64.Build.0 = Release|Any CPU
		{25117C9B-92C0-4D75-B913-8BC7F0B1AF78}.Release|x86.ActiveCfg = Release|Any CPU
		{25117C9B-92C0-4D75-B913-8BC7F0B1AF78}.Release|x86.Build.0 = Release|Any CPU
		{9A4275A4-7CC7-4C71-B73A-39AF6407471E}.Debug|Any CPU.ActiveCfg = Debug|Any CPU
		{9A4275A4-7CC7-4C71-B73A-39AF6407471E}.Debug|Any CPU.Build.0 = Debug|Any CPU
		{9A4275A4-7CC7-4C71-B73A-39AF6407471E}.Debug|x64.ActiveCfg = Debug|Any CPU
		{9A4275A4-7CC7-4C71-B73A-39AF6407471E}.Debug|x64.Build.0 = Debug|Any CPU
		{9A4275A4-7CC7-4C71-B73A-39AF6407471E}.Debug|x86.ActiveCfg = Debug|Any CPU
		{9A4275A4-7CC7-4C71-B73A-39AF6407471E}.Debug|x86.Build.0 = Debug|Any CPU
		{9A4275A4-7CC7-4C71-B73A-39AF6407471E}.Release|Any CPU.ActiveCfg = Release|Any CPU
		{9A4275A4-7CC7-4C71-B73A-39AF6407471E}.Release|Any CPU.Build.0 = Release|Any CPU
		{9A4275A4-7CC7-4C71-B73A-39AF6407471E}.Release|x64.ActiveCfg = Release|Any CPU
		{9A4275A4-7CC7-4C71-B73A-39AF6407471E}.Release|x64.Build.0 = Release|Any CPU
		{9A4275A4-7CC7-4C71-B73A-39AF6407471E}.Release|x86.ActiveCfg = Release|Any CPU
		{9A4275A4-7CC7-4C71-B73A-39AF6407471E}.Release|x86.Build.0 = Release|Any CPU
		{181C5B67-D882-4416-82F2-41A2713D3E1B}.Debug|Any CPU.ActiveCfg = Debug|Any CPU
		{181C5B67-D882-4416-82F2-41A2713D3E1B}.Debug|Any CPU.Build.0 = Debug|Any CPU
		{181C5B67-D882-4416-82F2-41A2713D3E1B}.Debug|x64.ActiveCfg = Debug|Any CPU
		{181C5B67-D882-4416-82F2-41A2713D3E1B}.Debug|x64.Build.0 = Debug|Any CPU
		{181C5B67-D882-4416-82F2-41A2713D3E1B}.Debug|x86.ActiveCfg = Debug|Any CPU
		{181C5B67-D882-4416-82F2-41A2713D3E1B}.Debug|x86.Build.0 = Debug|Any CPU
		{181C5B67-D882-4416-82F2-41A2713D3E1B}.Release|Any CPU.ActiveCfg = Release|Any CPU
		{181C5B67-D882-4416-82F2-41A2713D3E1B}.Release|Any CPU.Build.0 = Release|Any CPU
		{181C5B67-D882-4416-82F2-41A2713D3E1B}.Release|x64.ActiveCfg = Release|Any CPU
		{181C5B67-D882-4416-82F2-41A2713D3E1B}.Release|x64.Build.0 = Release|Any CPU
		{181C5B67-D882-4416-82F2-41A2713D3E1B}.Release|x86.ActiveCfg = Release|Any CPU
		{181C5B67-D882-4416-82F2-41A2713D3E1B}.Release|x86.Build.0 = Release|Any CPU
		{ED7C29C2-5961-413D-8D30-45BBE1ED5EBC}.Debug|Any CPU.ActiveCfg = Debug|Any CPU
		{ED7C29C2-5961-413D-8D30-45BBE1ED5EBC}.Debug|Any CPU.Build.0 = Debug|Any CPU
		{ED7C29C2-5961-413D-8D30-45BBE1ED5EBC}.Debug|x64.ActiveCfg = Debug|Any CPU
		{ED7C29C2-5961-413D-8D30-45BBE1ED5EBC}.Debug|x64.Build.0 = Debug|Any CPU
		{ED7C29C2-5961-413D-8D30-45BBE1ED5EBC}.Debug|x86.ActiveCfg = Debug|Any CPU
		{ED7C29C2-5961-413D-8D30-45BBE1ED5EBC}.Debug|x86.Build.0 = Debug|Any CPU
		{ED7C29C2-5961-413D-8D30-45BBE1ED5EBC}.Release|Any CPU.ActiveCfg = Release|Any CPU
		{ED7C29C2-5961-413D-8D30-45BBE1ED5EBC}.Release|Any CPU.Build.0 = Release|Any CPU
		{ED7C29C2-5961-413D-8D30-45BBE1ED5EBC}.Release|x64.ActiveCfg = Release|Any CPU
		{ED7C29C2-5961-413D-8D30-45BBE1ED5EBC}.Release|x64.Build.0 = Release|Any CPU
		{ED7C29C2-5961-413D-8D30-45BBE1ED5EBC}.Release|x86.ActiveCfg = Release|Any CPU
		{ED7C29C2-5961-413D-8D30-45BBE1ED5EBC}.Release|x86.Build.0 = Release|Any CPU
		{C0B420F6-C2FF-4BDD-A428-80ED268A8E49}.Debug|Any CPU.ActiveCfg = Debug|Any CPU
		{C0B420F6-C2FF-4BDD-A428-80ED268A8E49}.Debug|Any CPU.Build.0 = Debug|Any CPU
		{C0B420F6-C2FF-4BDD-A428-80ED268A8E49}.Debug|x64.ActiveCfg = Debug|Any CPU
		{C0B420F6-C2FF-4BDD-A428-80ED268A8E49}.Debug|x64.Build.0 = Debug|Any CPU
		{C0B420F6-C2FF-4BDD-A428-80ED268A8E49}.Debug|x86.ActiveCfg = Debug|Any CPU
		{C0B420F6-C2FF-4BDD-A428-80ED268A8E49}.Debug|x86.Build.0 = Debug|Any CPU
		{C0B420F6-C2FF-4BDD-A428-80ED268A8E49}.Release|Any CPU.ActiveCfg = Release|Any CPU
		{C0B420F6-C2FF-4BDD-A428-80ED268A8E49}.Release|Any CPU.Build.0 = Release|Any CPU
		{C0B420F6-C2FF-4BDD-A428-80ED268A8E49}.Release|x64.ActiveCfg = Release|Any CPU
		{C0B420F6-C2FF-4BDD-A428-80ED268A8E49}.Release|x64.Build.0 = Release|Any CPU
		{C0B420F6-C2FF-4BDD-A428-80ED268A8E49}.Release|x86.ActiveCfg = Release|Any CPU
		{C0B420F6-C2FF-4BDD-A428-80ED268A8E49}.Release|x86.Build.0 = Release|Any CPU
	EndGlobalSection
	GlobalSection(SolutionProperties) = preSolution
		HideSolutionNode = FALSE
	EndGlobalSection
	GlobalSection(NestedProjects) = preSolution
		{43F5A3E8-FCB7-40FC-BE49-B6002FD3167E} = {C4B87478-D7E6-4412-AEBA-98C1F487A2A7}
		{E048F25E-FF48-4261-874A-6112005674AC} = {C4B87478-D7E6-4412-AEBA-98C1F487A2A7}
		{25117C9B-92C0-4D75-B913-8BC7F0B1AF78} = {C4B87478-D7E6-4412-AEBA-98C1F487A2A7}
		{9A4275A4-7CC7-4C71-B73A-39AF6407471E} = {C4B87478-D7E6-4412-AEBA-98C1F487A2A7}
		{181C5B67-D882-4416-82F2-41A2713D3E1B} = {79450CE4-F2D4-4080-83BC-3F54188DE124}
		{ED7C29C2-5961-413D-8D30-45BBE1ED5EBC} = {79450CE4-F2D4-4080-83BC-3F54188DE124}
		{C0B420F6-C2FF-4BDD-A428-80ED268A8E49} = {79450CE4-F2D4-4080-83BC-3F54188DE124}
	EndGlobalSection
	GlobalSection(ExtensibilityGlobals) = postSolution
		SolutionGuid = {67795222-EAFE-427A-8843-5A4D46D883CB}
	EndGlobalSection
EndGlobal
